
Microsoft Visual Studio Solution File, Format Version 12.00
# Visual Studio Version 16
VisualStudioVersion = 16.0.29806.167
MinimumVisualStudioVersion = 10.0.40219.1
Project("{FAE04EC0-301F-11D3-BF4B-00C04F79EFBC}") = "Parse.MiddleEnd.Utilities", "Parse.MiddleEnd.Utilities\Parse.MiddleEnd.Utilities.csproj", "{1CB34127-F46B-49F3-A7C8-3304A2DBADEB}"
EndProject
Project("{2150E333-8FDC-42A3-9474-1A3956D46DE8}") = "Wpf.UI", "Wpf.UI", "{F06688AF-2C86-47D4-A159-BEDAFF072A49}"
EndProject
Project("{2150E333-8FDC-42A3-9474-1A3956D46DE8}") = "Application", "Application", "{397493D9-A8A6-4976-9EE9-ECEF4533F3E9}"
EndProject
Project("{2150E333-8FDC-42A3-9474-1A3956D46DE8}") = "Parse.BackEnd.Target", "Parse.BackEnd.Target", "{F98EFA69-50AE-4ED6-9236-4AEEF140947F}"
EndProject
Project("{FAE04EC0-301F-11D3-BF4B-00C04F79EFBC}") = "Parse.BackEnd.Target.AVR", "Parse.BackEnd.Target\Parse.BackEnd.Target.AVR\Parse.BackEnd.Target.AVR.csproj", "{05A9C7A5-7ED8-4D13-9BB5-7E78F67A2700}"
EndProject
Project("{FAE04EC0-301F-11D3-BF4B-00C04F79EFBC}") = "Parse.BackEnd.Target.ARMv6", "Parse.BackEnd.Target\Parse.BackEnd.Target.ARMv6\Parse.BackEnd.Target.ARMv6.csproj", "{07E55E85-1293-4071-8A1B-CB180F6C162E}"
EndProject
Project("{FAE04EC0-301F-11D3-BF4B-00C04F79EFBC}") = "Parse.BackEnd.Target.ARMv7", "Parse.BackEnd.Target\Parse.BackEnd.Target.ARMv7\Parse.BackEnd.Target.ARMv7.csproj", "{453A6E15-D65D-408F-856A-718CE73CAC42}"
EndProject
Project("{FAE04EC0-301F-11D3-BF4B-00C04F79EFBC}") = "Parse.BackEnd.Target.ARMv8", "Parse.BackEnd.Target\Parse.BackEnd.Target.ARMv8\Parse.BackEnd.Target.ARMv8.csproj", "{60C30D5C-CEA8-46E4-A392-8B165271833E}"
EndProject
Project("{FAE04EC0-301F-11D3-BF4B-00C04F79EFBC}") = "Parse.BackEnd.Target", "Parse.BackEnd.Target\Parse.BackEnd.Target\Parse.BackEnd.Target.csproj", "{6FE9D3FA-798D-42EC-B6F0-890D5D320384}"
EndProject
Project("{2150E333-8FDC-42A3-9474-1A3956D46DE8}") = "WpfApp", "WpfApp", "{B51EDBFE-321C-47C6-A75A-83CF6D084EF6}"
EndProject
Project("{FAE04EC0-301F-11D3-BF4B-00C04F79EFBC}") = "WpfApp", "Applications\WpfApp\WpfApp\WpfApp.csproj", "{F104AECF-9161-446A-9EBD-34DF35554D7A}"
EndProject
Project("{2150E333-8FDC-42A3-9474-1A3956D46DE8}") = "Solution Items", "Solution Items", "{D7B1D35F-46DD-43B6-BAFB-9759650CEA4A}"
	ProjectSection(SolutionItems) = preProject
		.editorconfig = .editorconfig
	EndProjectSection
EndProject
Project("{9A19103F-16F7-4668-BE54-9A1E7A4F7556}") = "Parse", "Parse\Parse.csproj", "{9EC93435-60DA-432C-B89F-2D564F814806}"
EndProject
Project("{9A19103F-16F7-4668-BE54-9A1E7A4F7556}") = "Parse.MiddleEnd.IR", "Parse.MiddleEnd.IR\Parse.MiddleEnd.IR.csproj", "{8FAE7A6E-6D71-4C78-A2A0-8CF35E45D2E2}"
EndProject
Project("{9A19103F-16F7-4668-BE54-9A1E7A4F7556}") = "Parse.FrontEnd", "Parse.FrontEnd\Parse.FrontEnd.csproj", "{40856149-8AA9-4D57-B369-9552F0E30C81}"
EndProject
Project("{9A19103F-16F7-4668-BE54-9A1E7A4F7556}") = "Parse.FrontEnd.Support", "Parse.FrontEnd.Support\Parse.FrontEnd.Support.csproj", "{36CACBD1-FDFE-4F09-8C1F-A78552B5A1AA}"
EndProject
Project("{9A19103F-16F7-4668-BE54-9A1E7A4F7556}") = "Parse.FrontEnd.Grammars", "Parse.FrontEnd.Grammars\Parse.FrontEnd.Grammars.csproj", "{D49D19E3-BC54-404C-BEBC-8278CDC4B4DC}"
EndProject
Project("{9A19103F-16F7-4668-BE54-9A1E7A4F7556}") = "Parse.FrontEnd.Parsers", "Parse.FrontEnd.Parsers\Parse.FrontEnd.Parsers.csproj", "{8EE7EB48-B3B9-479F-B942-A33BE2091738}"
EndProject
Project("{9A19103F-16F7-4668-BE54-9A1E7A4F7556}") = "Wpf.UI.Basic", "Wpf.UI.Themes\Wpf.UI.Basic\Wpf.UI.Basic.csproj", "{CA0DB8EB-7687-4605-9656-675677DA9E71}"
EndProject
Project("{9A19103F-16F7-4668-BE54-9A1E7A4F7556}") = "Wpf.UI.Advance", "Wpf.UI.Themes\Wpf.UI.Advance\Wpf.UI.Advance.csproj", "{0B81124D-87B4-4B0E-A69C-200EAE280CFE}"
EndProject
Project("{9A19103F-16F7-4668-BE54-9A1E7A4F7556}") = "Parse.WpfControls", "Parse.WpfControls\Parse.WpfControls.csproj", "{FB780D6C-EEFE-4CC4-AD06-E226282313C2}"
EndProject
Project("{9A19103F-16F7-4668-BE54-9A1E7A4F7556}") = "Parse.WpfControls.SyntaxEditor", "Parse.WpfControls.SyntaxEditor\Parse.WpfControls.SyntaxEditor.csproj", "{E9659DA0-D594-49C3-BF84-1E36804F1E96}"
EndProject
Project("{9A19103F-16F7-4668-BE54-9A1E7A4F7556}") = "TestProjectOnConsole", "Applications\Console\TestProjectOnConsole\TestProjectOnConsole.csproj", "{7B2DAF21-ABC2-4E99-93A1-4367E9D62DD5}"
EndProject
Project("{FAE04EC0-301F-11D3-BF4B-00C04F79EFBC}") = "ApplicationLayer.Define", "Applications\ApplicationLayer.Define\ApplicationLayer.Define.csproj", "{161C0316-82EF-4E67-B960-BA40DD53F40F}"
EndProject
Project("{FAE04EC0-301F-11D3-BF4B-00C04F79EFBC}") = "ApplicationLayer.Common", "Applications\ApplicationLayer.Common\ApplicationLayer.Common.csproj", "{826E961C-0F1D-487E-AC1F-F57755FFDE36}"
EndProject
Project("{FAE04EC0-301F-11D3-BF4B-00C04F79EFBC}") = "ApplicationLayer.Models", "Applications\ApplicationLayer.Model\ApplicationLayer.Models.csproj", "{41F46F0B-8509-4BD4-84CF-BDAC016537EB}"
EndProject
Project("{FAE04EC0-301F-11D3-BF4B-00C04F79EFBC}") = "ApplicationLayer.ViewModels", "Applications\ApplicationLayer.ViewModels\ApplicationLayer.ViewModels.csproj", "{D5FCC315-BBFA-4DE2-B451-A944A90490FB}"
EndProject
Project("{FAE04EC0-301F-11D3-BF4B-00C04F79EFBC}") = "ApplicationLayer.Views", "Applications\WpfApp\ApplicationLayer.Views\ApplicationLayer.Views.csproj", "{5B9C142A-2DA2-40FD-A596-AFB91B8D37DE}"
EndProject
Global
	GlobalSection(SolutionConfigurationPlatforms) = preSolution
		Debug|Any CPU = Debug|Any CPU
		Debug|ARM = Debug|ARM
		Debug|x64 = Debug|x64
		Debug|x86 = Debug|x86
		Release|Any CPU = Release|Any CPU
		Release|ARM = Release|ARM
		Release|x64 = Release|x64
		Release|x86 = Release|x86
	EndGlobalSection
	GlobalSection(ProjectConfigurationPlatforms) = postSolution
		{1CB34127-F46B-49F3-A7C8-3304A2DBADEB}.Debug|Any CPU.ActiveCfg = Debug|Any CPU
		{1CB34127-F46B-49F3-A7C8-3304A2DBADEB}.Debug|Any CPU.Build.0 = Debug|Any CPU
		{1CB34127-F46B-49F3-A7C8-3304A2DBADEB}.Debug|ARM.ActiveCfg = Debug|Any CPU
		{1CB34127-F46B-49F3-A7C8-3304A2DBADEB}.Debug|ARM.Build.0 = Debug|Any CPU
		{1CB34127-F46B-49F3-A7C8-3304A2DBADEB}.Debug|x64.ActiveCfg = Debug|Any CPU
		{1CB34127-F46B-49F3-A7C8-3304A2DBADEB}.Debug|x64.Build.0 = Debug|Any CPU
		{1CB34127-F46B-49F3-A7C8-3304A2DBADEB}.Debug|x86.ActiveCfg = Debug|Any CPU
		{1CB34127-F46B-49F3-A7C8-3304A2DBADEB}.Debug|x86.Build.0 = Debug|Any CPU
		{1CB34127-F46B-49F3-A7C8-3304A2DBADEB}.Release|Any CPU.ActiveCfg = Release|Any CPU
		{1CB34127-F46B-49F3-A7C8-3304A2DBADEB}.Release|Any CPU.Build.0 = Release|Any CPU
		{1CB34127-F46B-49F3-A7C8-3304A2DBADEB}.Release|ARM.ActiveCfg = Release|Any CPU
		{1CB34127-F46B-49F3-A7C8-3304A2DBADEB}.Release|ARM.Build.0 = Release|Any CPU
		{1CB34127-F46B-49F3-A7C8-3304A2DBADEB}.Release|x64.ActiveCfg = Release|Any CPU
		{1CB34127-F46B-49F3-A7C8-3304A2DBADEB}.Release|x64.Build.0 = Release|Any CPU
		{1CB34127-F46B-49F3-A7C8-3304A2DBADEB}.Release|x86.ActiveCfg = Release|Any CPU
		{1CB34127-F46B-49F3-A7C8-3304A2DBADEB}.Release|x86.Build.0 = Release|Any CPU
		{05A9C7A5-7ED8-4D13-9BB5-7E78F67A2700}.Debug|Any CPU.ActiveCfg = Debug|Any CPU
		{05A9C7A5-7ED8-4D13-9BB5-7E78F67A2700}.Debug|Any CPU.Build.0 = Debug|Any CPU
		{05A9C7A5-7ED8-4D13-9BB5-7E78F67A2700}.Debug|ARM.ActiveCfg = Debug|Any CPU
		{05A9C7A5-7ED8-4D13-9BB5-7E78F67A2700}.Debug|ARM.Build.0 = Debug|Any CPU
		{05A9C7A5-7ED8-4D13-9BB5-7E78F67A2700}.Debug|x64.ActiveCfg = Debug|Any CPU
		{05A9C7A5-7ED8-4D13-9BB5-7E78F67A2700}.Debug|x64.Build.0 = Debug|Any CPU
		{05A9C7A5-7ED8-4D13-9BB5-7E78F67A2700}.Debug|x86.ActiveCfg = Debug|Any CPU
		{05A9C7A5-7ED8-4D13-9BB5-7E78F67A2700}.Debug|x86.Build.0 = Debug|Any CPU
		{05A9C7A5-7ED8-4D13-9BB5-7E78F67A2700}.Release|Any CPU.ActiveCfg = Release|Any CPU
		{05A9C7A5-7ED8-4D13-9BB5-7E78F67A2700}.Release|Any CPU.Build.0 = Release|Any CPU
		{05A9C7A5-7ED8-4D13-9BB5-7E78F67A2700}.Release|ARM.ActiveCfg = Release|Any CPU
		{05A9C7A5-7ED8-4D13-9BB5-7E78F67A2700}.Release|ARM.Build.0 = Release|Any CPU
		{05A9C7A5-7ED8-4D13-9BB5-7E78F67A2700}.Release|x64.ActiveCfg = Release|Any CPU
		{05A9C7A5-7ED8-4D13-9BB5-7E78F67A2700}.Release|x64.Build.0 = Release|Any CPU
		{05A9C7A5-7ED8-4D13-9BB5-7E78F67A2700}.Release|x86.ActiveCfg = Release|Any CPU
		{05A9C7A5-7ED8-4D13-9BB5-7E78F67A2700}.Release|x86.Build.0 = Release|Any CPU
		{07E55E85-1293-4071-8A1B-CB180F6C162E}.Debug|Any CPU.ActiveCfg = Debug|Any CPU
		{07E55E85-1293-4071-8A1B-CB180F6C162E}.Debug|Any CPU.Build.0 = Debug|Any CPU
		{07E55E85-1293-4071-8A1B-CB180F6C162E}.Debug|ARM.ActiveCfg = Debug|Any CPU
		{07E55E85-1293-4071-8A1B-CB180F6C162E}.Debug|ARM.Build.0 = Debug|Any CPU
		{07E55E85-1293-4071-8A1B-CB180F6C162E}.Debug|x64.ActiveCfg = Debug|Any CPU
		{07E55E85-1293-4071-8A1B-CB180F6C162E}.Debug|x64.Build.0 = Debug|Any CPU
		{07E55E85-1293-4071-8A1B-CB180F6C162E}.Debug|x86.ActiveCfg = Debug|Any CPU
		{07E55E85-1293-4071-8A1B-CB180F6C162E}.Debug|x86.Build.0 = Debug|Any CPU
		{07E55E85-1293-4071-8A1B-CB180F6C162E}.Release|Any CPU.ActiveCfg = Release|Any CPU
		{07E55E85-1293-4071-8A1B-CB180F6C162E}.Release|Any CPU.Build.0 = Release|Any CPU
		{07E55E85-1293-4071-8A1B-CB180F6C162E}.Release|ARM.ActiveCfg = Release|Any CPU
		{07E55E85-1293-4071-8A1B-CB180F6C162E}.Release|ARM.Build.0 = Release|Any CPU
		{07E55E85-1293-4071-8A1B-CB180F6C162E}.Release|x64.ActiveCfg = Release|Any CPU
		{07E55E85-1293-4071-8A1B-CB180F6C162E}.Release|x64.Build.0 = Release|Any CPU
		{07E55E85-1293-4071-8A1B-CB180F6C162E}.Release|x86.ActiveCfg = Release|Any CPU
		{07E55E85-1293-4071-8A1B-CB180F6C162E}.Release|x86.Build.0 = Release|Any CPU
		{453A6E15-D65D-408F-856A-718CE73CAC42}.Debug|Any CPU.ActiveCfg = Debug|Any CPU
		{453A6E15-D65D-408F-856A-718CE73CAC42}.Debug|Any CPU.Build.0 = Debug|Any CPU
		{453A6E15-D65D-408F-856A-718CE73CAC42}.Debug|ARM.ActiveCfg = Debug|Any CPU
		{453A6E15-D65D-408F-856A-718CE73CAC42}.Debug|ARM.Build.0 = Debug|Any CPU
		{453A6E15-D65D-408F-856A-718CE73CAC42}.Debug|x64.ActiveCfg = Debug|Any CPU
		{453A6E15-D65D-408F-856A-718CE73CAC42}.Debug|x64.Build.0 = Debug|Any CPU
		{453A6E15-D65D-408F-856A-718CE73CAC42}.Debug|x86.ActiveCfg = Debug|Any CPU
		{453A6E15-D65D-408F-856A-718CE73CAC42}.Debug|x86.Build.0 = Debug|Any CPU
		{453A6E15-D65D-408F-856A-718CE73CAC42}.Release|Any CPU.ActiveCfg = Release|Any CPU
		{453A6E15-D65D-408F-856A-718CE73CAC42}.Release|Any CPU.Build.0 = Release|Any CPU
		{453A6E15-D65D-408F-856A-718CE73CAC42}.Release|ARM.ActiveCfg = Release|Any CPU
		{453A6E15-D65D-408F-856A-718CE73CAC42}.Release|ARM.Build.0 = Release|Any CPU
		{453A6E15-D65D-408F-856A-718CE73CAC42}.Release|x64.ActiveCfg = Release|Any CPU
		{453A6E15-D65D-408F-856A-718CE73CAC42}.Release|x64.Build.0 = Release|Any CPU
		{453A6E15-D65D-408F-856A-718CE73CAC42}.Release|x86.ActiveCfg = Release|Any CPU
		{453A6E15-D65D-408F-856A-718CE73CAC42}.Release|x86.Build.0 = Release|Any CPU
		{60C30D5C-CEA8-46E4-A392-8B165271833E}.Debug|Any CPU.ActiveCfg = Debug|Any CPU
		{60C30D5C-CEA8-46E4-A392-8B165271833E}.Debug|Any CPU.Build.0 = Debug|Any CPU
		{60C30D5C-CEA8-46E4-A392-8B165271833E}.Debug|ARM.ActiveCfg = Debug|Any CPU
		{60C30D5C-CEA8-46E4-A392-8B165271833E}.Debug|ARM.Build.0 = Debug|Any CPU
		{60C30D5C-CEA8-46E4-A392-8B165271833E}.Debug|x64.ActiveCfg = Debug|Any CPU
		{60C30D5C-CEA8-46E4-A392-8B165271833E}.Debug|x64.Build.0 = Debug|Any CPU
		{60C30D5C-CEA8-46E4-A392-8B165271833E}.Debug|x86.ActiveCfg = Debug|Any CPU
		{60C30D5C-CEA8-46E4-A392-8B165271833E}.Debug|x86.Build.0 = Debug|Any CPU
		{60C30D5C-CEA8-46E4-A392-8B165271833E}.Release|Any CPU.ActiveCfg = Release|Any CPU
		{60C30D5C-CEA8-46E4-A392-8B165271833E}.Release|Any CPU.Build.0 = Release|Any CPU
		{60C30D5C-CEA8-46E4-A392-8B165271833E}.Release|ARM.ActiveCfg = Release|Any CPU
		{60C30D5C-CEA8-46E4-A392-8B165271833E}.Release|ARM.Build.0 = Release|Any CPU
		{60C30D5C-CEA8-46E4-A392-8B165271833E}.Release|x64.ActiveCfg = Release|Any CPU
		{60C30D5C-CEA8-46E4-A392-8B165271833E}.Release|x64.Build.0 = Release|Any CPU
		{60C30D5C-CEA8-46E4-A392-8B165271833E}.Release|x86.ActiveCfg = Release|Any CPU
		{60C30D5C-CEA8-46E4-A392-8B165271833E}.Release|x86.Build.0 = Release|Any CPU
		{6FE9D3FA-798D-42EC-B6F0-890D5D320384}.Debug|Any CPU.ActiveCfg = Debug|Any CPU
		{6FE9D3FA-798D-42EC-B6F0-890D5D320384}.Debug|Any CPU.Build.0 = Debug|Any CPU
		{6FE9D3FA-798D-42EC-B6F0-890D5D320384}.Debug|ARM.ActiveCfg = Debug|Any CPU
		{6FE9D3FA-798D-42EC-B6F0-890D5D320384}.Debug|ARM.Build.0 = Debug|Any CPU
		{6FE9D3FA-798D-42EC-B6F0-890D5D320384}.Debug|x64.ActiveCfg = Debug|Any CPU
		{6FE9D3FA-798D-42EC-B6F0-890D5D320384}.Debug|x64.Build.0 = Debug|Any CPU
		{6FE9D3FA-798D-42EC-B6F0-890D5D320384}.Debug|x86.ActiveCfg = Debug|Any CPU
		{6FE9D3FA-798D-42EC-B6F0-890D5D320384}.Debug|x86.Build.0 = Debug|Any CPU
		{6FE9D3FA-798D-42EC-B6F0-890D5D320384}.Release|Any CPU.ActiveCfg = Release|Any CPU
		{6FE9D3FA-798D-42EC-B6F0-890D5D320384}.Release|Any CPU.Build.0 = Release|Any CPU
		{6FE9D3FA-798D-42EC-B6F0-890D5D320384}.Release|ARM.ActiveCfg = Release|Any CPU
		{6FE9D3FA-798D-42EC-B6F0-890D5D320384}.Release|ARM.Build.0 = Release|Any CPU
		{6FE9D3FA-798D-42EC-B6F0-890D5D320384}.Release|x64.ActiveCfg = Release|Any CPU
		{6FE9D3FA-798D-42EC-B6F0-890D5D320384}.Release|x64.Build.0 = Release|Any CPU
		{6FE9D3FA-798D-42EC-B6F0-890D5D320384}.Release|x86.ActiveCfg = Release|Any CPU
		{6FE9D3FA-798D-42EC-B6F0-890D5D320384}.Release|x86.Build.0 = Release|Any CPU
		{F104AECF-9161-446A-9EBD-34DF35554D7A}.Debug|Any CPU.ActiveCfg = Debug|Any CPU
		{F104AECF-9161-446A-9EBD-34DF35554D7A}.Debug|Any CPU.Build.0 = Debug|Any CPU
		{F104AECF-9161-446A-9EBD-34DF35554D7A}.Debug|ARM.ActiveCfg = Debug|Any CPU
		{F104AECF-9161-446A-9EBD-34DF35554D7A}.Debug|ARM.Build.0 = Debug|Any CPU
		{F104AECF-9161-446A-9EBD-34DF35554D7A}.Debug|x64.ActiveCfg = Debug|Any CPU
		{F104AECF-9161-446A-9EBD-34DF35554D7A}.Debug|x64.Build.0 = Debug|Any CPU
		{F104AECF-9161-446A-9EBD-34DF35554D7A}.Debug|x86.ActiveCfg = Debug|Any CPU
		{F104AECF-9161-446A-9EBD-34DF35554D7A}.Debug|x86.Build.0 = Debug|Any CPU
		{F104AECF-9161-446A-9EBD-34DF35554D7A}.Release|Any CPU.ActiveCfg = Release|Any CPU
		{F104AECF-9161-446A-9EBD-34DF35554D7A}.Release|Any CPU.Build.0 = Release|Any CPU
		{F104AECF-9161-446A-9EBD-34DF35554D7A}.Release|ARM.ActiveCfg = Release|Any CPU
		{F104AECF-9161-446A-9EBD-34DF35554D7A}.Release|ARM.Build.0 = Release|Any CPU
		{F104AECF-9161-446A-9EBD-34DF35554D7A}.Release|x64.ActiveCfg = Release|Any CPU
		{F104AECF-9161-446A-9EBD-34DF35554D7A}.Release|x64.Build.0 = Release|Any CPU
		{F104AECF-9161-446A-9EBD-34DF35554D7A}.Release|x86.ActiveCfg = Release|Any CPU
		{F104AECF-9161-446A-9EBD-34DF35554D7A}.Release|x86.Build.0 = Release|Any CPU
		{9EC93435-60DA-432C-B89F-2D564F814806}.Debug|Any CPU.ActiveCfg = Debug|Any CPU
		{9EC93435-60DA-432C-B89F-2D564F814806}.Debug|Any CPU.Build.0 = Debug|Any CPU
		{9EC93435-60DA-432C-B89F-2D564F814806}.Debug|ARM.ActiveCfg = Debug|Any CPU
		{9EC93435-60DA-432C-B89F-2D564F814806}.Debug|ARM.Build.0 = Debug|Any CPU
		{9EC93435-60DA-432C-B89F-2D564F814806}.Debug|x64.ActiveCfg = Debug|Any CPU
		{9EC93435-60DA-432C-B89F-2D564F814806}.Debug|x64.Build.0 = Debug|Any CPU
		{9EC93435-60DA-432C-B89F-2D564F814806}.Debug|x86.ActiveCfg = Debug|Any CPU
		{9EC93435-60DA-432C-B89F-2D564F814806}.Debug|x86.Build.0 = Debug|Any CPU
		{9EC93435-60DA-432C-B89F-2D564F814806}.Release|Any CPU.ActiveCfg = Release|Any CPU
		{9EC93435-60DA-432C-B89F-2D564F814806}.Release|Any CPU.Build.0 = Release|Any CPU
		{9EC93435-60DA-432C-B89F-2D564F814806}.Release|ARM.ActiveCfg = Release|Any CPU
		{9EC93435-60DA-432C-B89F-2D564F814806}.Release|ARM.Build.0 = Release|Any CPU
		{9EC93435-60DA-432C-B89F-2D564F814806}.Release|x64.ActiveCfg = Release|Any CPU
		{9EC93435-60DA-432C-B89F-2D564F814806}.Release|x64.Build.0 = Release|Any CPU
		{9EC93435-60DA-432C-B89F-2D564F814806}.Release|x86.ActiveCfg = Release|Any CPU
		{9EC93435-60DA-432C-B89F-2D564F814806}.Release|x86.Build.0 = Release|Any CPU
		{8FAE7A6E-6D71-4C78-A2A0-8CF35E45D2E2}.Debug|Any CPU.ActiveCfg = Debug|Any CPU
		{8FAE7A6E-6D71-4C78-A2A0-8CF35E45D2E2}.Debug|Any CPU.Build.0 = Debug|Any CPU
		{8FAE7A6E-6D71-4C78-A2A0-8CF35E45D2E2}.Debug|ARM.ActiveCfg = Debug|Any CPU
		{8FAE7A6E-6D71-4C78-A2A0-8CF35E45D2E2}.Debug|ARM.Build.0 = Debug|Any CPU
		{8FAE7A6E-6D71-4C78-A2A0-8CF35E45D2E2}.Debug|x64.ActiveCfg = Debug|Any CPU
		{8FAE7A6E-6D71-4C78-A2A0-8CF35E45D2E2}.Debug|x64.Build.0 = Debug|Any CPU
		{8FAE7A6E-6D71-4C78-A2A0-8CF35E45D2E2}.Debug|x86.ActiveCfg = Debug|Any CPU
		{8FAE7A6E-6D71-4C78-A2A0-8CF35E45D2E2}.Debug|x86.Build.0 = Debug|Any CPU
		{8FAE7A6E-6D71-4C78-A2A0-8CF35E45D2E2}.Release|Any CPU.ActiveCfg = Release|Any CPU
		{8FAE7A6E-6D71-4C78-A2A0-8CF35E45D2E2}.Release|Any CPU.Build.0 = Release|Any CPU
		{8FAE7A6E-6D71-4C78-A2A0-8CF35E45D2E2}.Release|ARM.ActiveCfg = Release|Any CPU
		{8FAE7A6E-6D71-4C78-A2A0-8CF35E45D2E2}.Release|ARM.Build.0 = Release|Any CPU
		{8FAE7A6E-6D71-4C78-A2A0-8CF35E45D2E2}.Release|x64.ActiveCfg = Release|Any CPU
		{8FAE7A6E-6D71-4C78-A2A0-8CF35E45D2E2}.Release|x64.Build.0 = Release|Any CPU
		{8FAE7A6E-6D71-4C78-A2A0-8CF35E45D2E2}.Release|x86.ActiveCfg = Release|Any CPU
		{8FAE7A6E-6D71-4C78-A2A0-8CF35E45D2E2}.Release|x86.Build.0 = Release|Any CPU
		{40856149-8AA9-4D57-B369-9552F0E30C81}.Debug|Any CPU.ActiveCfg = Debug|Any CPU
		{40856149-8AA9-4D57-B369-9552F0E30C81}.Debug|Any CPU.Build.0 = Debug|Any CPU
		{40856149-8AA9-4D57-B369-9552F0E30C81}.Debug|ARM.ActiveCfg = Debug|Any CPU
		{40856149-8AA9-4D57-B369-9552F0E30C81}.Debug|ARM.Build.0 = Debug|Any CPU
		{40856149-8AA9-4D57-B369-9552F0E30C81}.Debug|x64.ActiveCfg = Debug|Any CPU
		{40856149-8AA9-4D57-B369-9552F0E30C81}.Debug|x64.Build.0 = Debug|Any CPU
		{40856149-8AA9-4D57-B369-9552F0E30C81}.Debug|x86.ActiveCfg = Debug|Any CPU
		{40856149-8AA9-4D57-B369-9552F0E30C81}.Debug|x86.Build.0 = Debug|Any CPU
		{40856149-8AA9-4D57-B369-9552F0E30C81}.Release|Any CPU.ActiveCfg = Release|Any CPU
		{40856149-8AA9-4D57-B369-9552F0E30C81}.Release|Any CPU.Build.0 = Release|Any CPU
		{40856149-8AA9-4D57-B369-9552F0E30C81}.Release|ARM.ActiveCfg = Release|Any CPU
		{40856149-8AA9-4D57-B369-9552F0E30C81}.Release|ARM.Build.0 = Release|Any CPU
		{40856149-8AA9-4D57-B369-9552F0E30C81}.Release|x64.ActiveCfg = Release|Any CPU
		{40856149-8AA9-4D57-B369-9552F0E30C81}.Release|x64.Build.0 = Release|Any CPU
		{40856149-8AA9-4D57-B369-9552F0E30C81}.Release|x86.ActiveCfg = Release|Any CPU
		{40856149-8AA9-4D57-B369-9552F0E30C81}.Release|x86.Build.0 = Release|Any CPU
		{36CACBD1-FDFE-4F09-8C1F-A78552B5A1AA}.Debug|Any CPU.ActiveCfg = Debug|Any CPU
		{36CACBD1-FDFE-4F09-8C1F-A78552B5A1AA}.Debug|Any CPU.Build.0 = Debug|Any CPU
		{36CACBD1-FDFE-4F09-8C1F-A78552B5A1AA}.Debug|ARM.ActiveCfg = Debug|Any CPU
		{36CACBD1-FDFE-4F09-8C1F-A78552B5A1AA}.Debug|ARM.Build.0 = Debug|Any CPU
		{36CACBD1-FDFE-4F09-8C1F-A78552B5A1AA}.Debug|x64.ActiveCfg = Debug|Any CPU
		{36CACBD1-FDFE-4F09-8C1F-A78552B5A1AA}.Debug|x64.Build.0 = Debug|Any CPU
		{36CACBD1-FDFE-4F09-8C1F-A78552B5A1AA}.Debug|x86.ActiveCfg = Debug|Any CPU
		{36CACBD1-FDFE-4F09-8C1F-A78552B5A1AA}.Debug|x86.Build.0 = Debug|Any CPU
		{36CACBD1-FDFE-4F09-8C1F-A78552B5A1AA}.Release|Any CPU.ActiveCfg = Release|Any CPU
		{36CACBD1-FDFE-4F09-8C1F-A78552B5A1AA}.Release|Any CPU.Build.0 = Release|Any CPU
		{36CACBD1-FDFE-4F09-8C1F-A78552B5A1AA}.Release|ARM.ActiveCfg = Release|Any CPU
		{36CACBD1-FDFE-4F09-8C1F-A78552B5A1AA}.Release|ARM.Build.0 = Release|Any CPU
		{36CACBD1-FDFE-4F09-8C1F-A78552B5A1AA}.Release|x64.ActiveCfg = Release|Any CPU
		{36CACBD1-FDFE-4F09-8C1F-A78552B5A1AA}.Release|x64.Build.0 = Release|Any CPU
		{36CACBD1-FDFE-4F09-8C1F-A78552B5A1AA}.Release|x86.ActiveCfg = Release|Any CPU
		{36CACBD1-FDFE-4F09-8C1F-A78552B5A1AA}.Release|x86.Build.0 = Release|Any CPU
		{D49D19E3-BC54-404C-BEBC-8278CDC4B4DC}.Debug|Any CPU.ActiveCfg = Debug|Any CPU
		{D49D19E3-BC54-404C-BEBC-8278CDC4B4DC}.Debug|Any CPU.Build.0 = Debug|Any CPU
		{D49D19E3-BC54-404C-BEBC-8278CDC4B4DC}.Debug|ARM.ActiveCfg = Debug|Any CPU
		{D49D19E3-BC54-404C-BEBC-8278CDC4B4DC}.Debug|ARM.Build.0 = Debug|Any CPU
		{D49D19E3-BC54-404C-BEBC-8278CDC4B4DC}.Debug|x64.ActiveCfg = Debug|Any CPU
		{D49D19E3-BC54-404C-BEBC-8278CDC4B4DC}.Debug|x64.Build.0 = Debug|Any CPU
		{D49D19E3-BC54-404C-BEBC-8278CDC4B4DC}.Debug|x86.ActiveCfg = Debug|Any CPU
		{D49D19E3-BC54-404C-BEBC-8278CDC4B4DC}.Debug|x86.Build.0 = Debug|Any CPU
		{D49D19E3-BC54-404C-BEBC-8278CDC4B4DC}.Release|Any CPU.ActiveCfg = Release|Any CPU
		{D49D19E3-BC54-404C-BEBC-8278CDC4B4DC}.Release|Any CPU.Build.0 = Release|Any CPU
		{D49D19E3-BC54-404C-BEBC-8278CDC4B4DC}.Release|ARM.ActiveCfg = Release|Any CPU
		{D49D19E3-BC54-404C-BEBC-8278CDC4B4DC}.Release|ARM.Build.0 = Release|Any CPU
		{D49D19E3-BC54-404C-BEBC-8278CDC4B4DC}.Release|x64.ActiveCfg = Release|Any CPU
		{D49D19E3-BC54-404C-BEBC-8278CDC4B4DC}.Release|x64.Build.0 = Release|Any CPU
		{D49D19E3-BC54-404C-BEBC-8278CDC4B4DC}.Release|x86.ActiveCfg = Release|Any CPU
		{D49D19E3-BC54-404C-BEBC-8278CDC4B4DC}.Release|x86.Build.0 = Release|Any CPU
		{8EE7EB48-B3B9-479F-B942-A33BE2091738}.Debug|Any CPU.ActiveCfg = Debug|Any CPU
		{8EE7EB48-B3B9-479F-B942-A33BE2091738}.Debug|Any CPU.Build.0 = Debug|Any CPU
		{8EE7EB48-B3B9-479F-B942-A33BE2091738}.Debug|ARM.ActiveCfg = Debug|Any CPU
		{8EE7EB48-B3B9-479F-B942-A33BE2091738}.Debug|ARM.Build.0 = Debug|Any CPU
		{8EE7EB48-B3B9-479F-B942-A33BE2091738}.Debug|x64.ActiveCfg = Debug|Any CPU
		{8EE7EB48-B3B9-479F-B942-A33BE2091738}.Debug|x64.Build.0 = Debug|Any CPU
		{8EE7EB48-B3B9-479F-B942-A33BE2091738}.Debug|x86.ActiveCfg = Debug|Any CPU
		{8EE7EB48-B3B9-479F-B942-A33BE2091738}.Debug|x86.Build.0 = Debug|Any CPU
		{8EE7EB48-B3B9-479F-B942-A33BE2091738}.Release|Any CPU.ActiveCfg = Release|Any CPU
		{8EE7EB48-B3B9-479F-B942-A33BE2091738}.Release|Any CPU.Build.0 = Release|Any CPU
		{8EE7EB48-B3B9-479F-B942-A33BE2091738}.Release|ARM.ActiveCfg = Release|Any CPU
		{8EE7EB48-B3B9-479F-B942-A33BE2091738}.Release|ARM.Build.0 = Release|Any CPU
		{8EE7EB48-B3B9-479F-B942-A33BE2091738}.Release|x64.ActiveCfg = Release|Any CPU
		{8EE7EB48-B3B9-479F-B942-A33BE2091738}.Release|x64.Build.0 = Release|Any CPU
		{8EE7EB48-B3B9-479F-B942-A33BE2091738}.Release|x86.ActiveCfg = Release|Any CPU
		{8EE7EB48-B3B9-479F-B942-A33BE2091738}.Release|x86.Build.0 = Release|Any CPU
		{CA0DB8EB-7687-4605-9656-675677DA9E71}.Debug|Any CPU.ActiveCfg = Debug|Any CPU
		{CA0DB8EB-7687-4605-9656-675677DA9E71}.Debug|Any CPU.Build.0 = Debug|Any CPU
		{CA0DB8EB-7687-4605-9656-675677DA9E71}.Debug|ARM.ActiveCfg = Debug|Any CPU
		{CA0DB8EB-7687-4605-9656-675677DA9E71}.Debug|ARM.Build.0 = Debug|Any CPU
		{CA0DB8EB-7687-4605-9656-675677DA9E71}.Debug|x64.ActiveCfg = Debug|Any CPU
		{CA0DB8EB-7687-4605-9656-675677DA9E71}.Debug|x64.Build.0 = Debug|Any CPU
		{CA0DB8EB-7687-4605-9656-675677DA9E71}.Debug|x86.ActiveCfg = Debug|Any CPU
		{CA0DB8EB-7687-4605-9656-675677DA9E71}.Debug|x86.Build.0 = Debug|Any CPU
		{CA0DB8EB-7687-4605-9656-675677DA9E71}.Release|Any CPU.ActiveCfg = Release|Any CPU
		{CA0DB8EB-7687-4605-9656-675677DA9E71}.Release|Any CPU.Build.0 = Release|Any CPU
		{CA0DB8EB-7687-4605-9656-675677DA9E71}.Release|ARM.ActiveCfg = Release|Any CPU
		{CA0DB8EB-7687-4605-9656-675677DA9E71}.Release|ARM.Build.0 = Release|Any CPU
		{CA0DB8EB-7687-4605-9656-675677DA9E71}.Release|x64.ActiveCfg = Release|Any CPU
		{CA0DB8EB-7687-4605-9656-675677DA9E71}.Release|x64.Build.0 = Release|Any CPU
		{CA0DB8EB-7687-4605-9656-675677DA9E71}.Release|x86.ActiveCfg = Release|Any CPU
		{CA0DB8EB-7687-4605-9656-675677DA9E71}.Release|x86.Build.0 = Release|Any CPU
		{0B81124D-87B4-4B0E-A69C-200EAE280CFE}.Debug|Any CPU.ActiveCfg = Debug|Any CPU
		{0B81124D-87B4-4B0E-A69C-200EAE280CFE}.Debug|Any CPU.Build.0 = Debug|Any CPU
		{0B81124D-87B4-4B0E-A69C-200EAE280CFE}.Debug|ARM.ActiveCfg = Debug|Any CPU
		{0B81124D-87B4-4B0E-A69C-200EAE280CFE}.Debug|ARM.Build.0 = Debug|Any CPU
		{0B81124D-87B4-4B0E-A69C-200EAE280CFE}.Debug|x64.ActiveCfg = Debug|Any CPU
		{0B81124D-87B4-4B0E-A69C-200EAE280CFE}.Debug|x64.Build.0 = Debug|Any CPU
		{0B81124D-87B4-4B0E-A69C-200EAE280CFE}.Debug|x86.ActiveCfg = Debug|Any CPU
		{0B81124D-87B4-4B0E-A69C-200EAE280CFE}.Debug|x86.Build.0 = Debug|Any CPU
		{0B81124D-87B4-4B0E-A69C-200EAE280CFE}.Release|Any CPU.ActiveCfg = Release|Any CPU
		{0B81124D-87B4-4B0E-A69C-200EAE280CFE}.Release|Any CPU.Build.0 = Release|Any CPU
		{0B81124D-87B4-4B0E-A69C-200EAE280CFE}.Release|ARM.ActiveCfg = Release|Any CPU
		{0B81124D-87B4-4B0E-A69C-200EAE280CFE}.Release|ARM.Build.0 = Release|Any CPU
		{0B81124D-87B4-4B0E-A69C-200EAE280CFE}.Release|x64.ActiveCfg = Release|Any CPU
		{0B81124D-87B4-4B0E-A69C-200EAE280CFE}.Release|x64.Build.0 = Release|Any CPU
		{0B81124D-87B4-4B0E-A69C-200EAE280CFE}.Release|x86.ActiveCfg = Release|Any CPU
		{0B81124D-87B4-4B0E-A69C-200EAE280CFE}.Release|x86.Build.0 = Release|Any CPU
		{FB780D6C-EEFE-4CC4-AD06-E226282313C2}.Debug|Any CPU.ActiveCfg = Debug|Any CPU
		{FB780D6C-EEFE-4CC4-AD06-E226282313C2}.Debug|Any CPU.Build.0 = Debug|Any CPU
		{FB780D6C-EEFE-4CC4-AD06-E226282313C2}.Debug|ARM.ActiveCfg = Debug|Any CPU
		{FB780D6C-EEFE-4CC4-AD06-E226282313C2}.Debug|ARM.Build.0 = Debug|Any CPU
		{FB780D6C-EEFE-4CC4-AD06-E226282313C2}.Debug|x64.ActiveCfg = Debug|Any CPU
		{FB780D6C-EEFE-4CC4-AD06-E226282313C2}.Debug|x64.Build.0 = Debug|Any CPU
		{FB780D6C-EEFE-4CC4-AD06-E226282313C2}.Debug|x86.ActiveCfg = Debug|Any CPU
		{FB780D6C-EEFE-4CC4-AD06-E226282313C2}.Debug|x86.Build.0 = Debug|Any CPU
		{FB780D6C-EEFE-4CC4-AD06-E226282313C2}.Release|Any CPU.ActiveCfg = Release|Any CPU
		{FB780D6C-EEFE-4CC4-AD06-E226282313C2}.Release|Any CPU.Build.0 = Release|Any CPU
		{FB780D6C-EEFE-4CC4-AD06-E226282313C2}.Release|ARM.ActiveCfg = Release|Any CPU
		{FB780D6C-EEFE-4CC4-AD06-E226282313C2}.Release|ARM.Build.0 = Release|Any CPU
		{FB780D6C-EEFE-4CC4-AD06-E226282313C2}.Release|x64.ActiveCfg = Release|Any CPU
		{FB780D6C-EEFE-4CC4-AD06-E226282313C2}.Release|x64.Build.0 = Release|Any CPU
		{FB780D6C-EEFE-4CC4-AD06-E226282313C2}.Release|x86.ActiveCfg = Release|Any CPU
		{FB780D6C-EEFE-4CC4-AD06-E226282313C2}.Release|x86.Build.0 = Release|Any CPU
		{E9659DA0-D594-49C3-BF84-1E36804F1E96}.Debug|Any CPU.ActiveCfg = Debug|Any CPU
		{E9659DA0-D594-49C3-BF84-1E36804F1E96}.Debug|Any CPU.Build.0 = Debug|Any CPU
		{E9659DA0-D594-49C3-BF84-1E36804F1E96}.Debug|ARM.ActiveCfg = Debug|Any CPU
		{E9659DA0-D594-49C3-BF84-1E36804F1E96}.Debug|ARM.Build.0 = Debug|Any CPU
		{E9659DA0-D594-49C3-BF84-1E36804F1E96}.Debug|x64.ActiveCfg = Debug|Any CPU
		{E9659DA0-D594-49C3-BF84-1E36804F1E96}.Debug|x64.Build.0 = Debug|Any CPU
		{E9659DA0-D594-49C3-BF84-1E36804F1E96}.Debug|x86.ActiveCfg = Debug|Any CPU
		{E9659DA0-D594-49C3-BF84-1E36804F1E96}.Debug|x86.Build.0 = Debug|Any CPU
		{E9659DA0-D594-49C3-BF84-1E36804F1E96}.Release|Any CPU.ActiveCfg = Release|Any CPU
		{E9659DA0-D594-49C3-BF84-1E36804F1E96}.Release|Any CPU.Build.0 = Release|Any CPU
		{E9659DA0-D594-49C3-BF84-1E36804F1E96}.Release|ARM.ActiveCfg = Release|Any CPU
		{E9659DA0-D594-49C3-BF84-1E36804F1E96}.Release|ARM.Build.0 = Release|Any CPU
		{E9659DA0-D594-49C3-BF84-1E36804F1E96}.Release|x64.ActiveCfg = Release|Any CPU
		{E9659DA0-D594-49C3-BF84-1E36804F1E96}.Release|x64.Build.0 = Release|Any CPU
		{E9659DA0-D594-49C3-BF84-1E36804F1E96}.Release|x86.ActiveCfg = Release|Any CPU
		{E9659DA0-D594-49C3-BF84-1E36804F1E96}.Release|x86.Build.0 = Release|Any CPU
		{7B2DAF21-ABC2-4E99-93A1-4367E9D62DD5}.Debug|Any CPU.ActiveCfg = Debug|Any CPU
		{7B2DAF21-ABC2-4E99-93A1-4367E9D62DD5}.Debug|Any CPU.Build.0 = Debug|Any CPU
		{7B2DAF21-ABC2-4E99-93A1-4367E9D62DD5}.Debug|ARM.ActiveCfg = Debug|Any CPU
		{7B2DAF21-ABC2-4E99-93A1-4367E9D62DD5}.Debug|ARM.Build.0 = Debug|Any CPU
		{7B2DAF21-ABC2-4E99-93A1-4367E9D62DD5}.Debug|x64.ActiveCfg = Debug|Any CPU
		{7B2DAF21-ABC2-4E99-93A1-4367E9D62DD5}.Debug|x64.Build.0 = Debug|Any CPU
		{7B2DAF21-ABC2-4E99-93A1-4367E9D62DD5}.Debug|x86.ActiveCfg = Debug|Any CPU
		{7B2DAF21-ABC2-4E99-93A1-4367E9D62DD5}.Debug|x86.Build.0 = Debug|Any CPU
		{7B2DAF21-ABC2-4E99-93A1-4367E9D62DD5}.Release|Any CPU.ActiveCfg = Release|Any CPU
		{7B2DAF21-ABC2-4E99-93A1-4367E9D62DD5}.Release|Any CPU.Build.0 = Release|Any CPU
		{7B2DAF21-ABC2-4E99-93A1-4367E9D62DD5}.Release|ARM.ActiveCfg = Release|Any CPU
		{7B2DAF21-ABC2-4E99-93A1-4367E9D62DD5}.Release|ARM.Build.0 = Release|Any CPU
		{7B2DAF21-ABC2-4E99-93A1-4367E9D62DD5}.Release|x64.ActiveCfg = Release|Any CPU
		{7B2DAF21-ABC2-4E99-93A1-4367E9D62DD5}.Release|x64.Build.0 = Release|Any CPU
		{7B2DAF21-ABC2-4E99-93A1-4367E9D62DD5}.Release|x86.ActiveCfg = Release|Any CPU
		{7B2DAF21-ABC2-4E99-93A1-4367E9D62DD5}.Release|x86.Build.0 = Release|Any CPU
		{161C0316-82EF-4E67-B960-BA40DD53F40F}.Debug|Any CPU.ActiveCfg = Debug|Any CPU
		{161C0316-82EF-4E67-B960-BA40DD53F40F}.Debug|Any CPU.Build.0 = Debug|Any CPU
		{161C0316-82EF-4E67-B960-BA40DD53F40F}.Debug|ARM.ActiveCfg = Debug|Any CPU
		{161C0316-82EF-4E67-B960-BA40DD53F40F}.Debug|ARM.Build.0 = Debug|Any CPU
		{161C0316-82EF-4E67-B960-BA40DD53F40F}.Debug|x64.ActiveCfg = Debug|Any CPU
		{161C0316-82EF-4E67-B960-BA40DD53F40F}.Debug|x64.Build.0 = Debug|Any CPU
		{161C0316-82EF-4E67-B960-BA40DD53F40F}.Debug|x86.ActiveCfg = Debug|Any CPU
		{161C0316-82EF-4E67-B960-BA40DD53F40F}.Debug|x86.Build.0 = Debug|Any CPU
		{161C0316-82EF-4E67-B960-BA40DD53F40F}.Release|Any CPU.ActiveCfg = Release|Any CPU
		{161C0316-82EF-4E67-B960-BA40DD53F40F}.Release|Any CPU.Build.0 = Release|Any CPU
		{161C0316-82EF-4E67-B960-BA40DD53F40F}.Release|ARM.ActiveCfg = Release|Any CPU
		{161C0316-82EF-4E67-B960-BA40DD53F40F}.Release|ARM.Build.0 = Release|Any CPU
		{161C0316-82EF-4E67-B960-BA40DD53F40F}.Release|x64.ActiveCfg = Release|Any CPU
		{161C0316-82EF-4E67-B960-BA40DD53F40F}.Release|x64.Build.0 = Release|Any CPU
		{161C0316-82EF-4E67-B960-BA40DD53F40F}.Release|x86.ActiveCfg = Release|Any CPU
		{161C0316-82EF-4E67-B960-BA40DD53F40F}.Release|x86.Build.0 = Release|Any CPU
		{826E961C-0F1D-487E-AC1F-F57755FFDE36}.Debug|Any CPU.ActiveCfg = Debug|Any CPU
		{826E961C-0F1D-487E-AC1F-F57755FFDE36}.Debug|Any CPU.Build.0 = Debug|Any CPU
		{826E961C-0F1D-487E-AC1F-F57755FFDE36}.Debug|ARM.ActiveCfg = Debug|Any CPU
		{826E961C-0F1D-487E-AC1F-F57755FFDE36}.Debug|ARM.Build.0 = Debug|Any CPU
		{826E961C-0F1D-487E-AC1F-F57755FFDE36}.Debug|x64.ActiveCfg = Debug|Any CPU
		{826E961C-0F1D-487E-AC1F-F57755FFDE36}.Debug|x64.Build.0 = Debug|Any CPU
		{826E961C-0F1D-487E-AC1F-F57755FFDE36}.Debug|x86.ActiveCfg = Debug|Any CPU
		{826E961C-0F1D-487E-AC1F-F57755FFDE36}.Debug|x86.Build.0 = Debug|Any CPU
		{826E961C-0F1D-487E-AC1F-F57755FFDE36}.Release|Any CPU.ActiveCfg = Release|Any CPU
		{826E961C-0F1D-487E-AC1F-F57755FFDE36}.Release|Any CPU.Build.0 = Release|Any CPU
		{826E961C-0F1D-487E-AC1F-F57755FFDE36}.Release|ARM.ActiveCfg = Release|Any CPU
		{826E961C-0F1D-487E-AC1F-F57755FFDE36}.Release|ARM.Build.0 = Release|Any CPU
		{826E961C-0F1D-487E-AC1F-F57755FFDE36}.Release|x64.ActiveCfg = Release|Any CPU
		{826E961C-0F1D-487E-AC1F-F57755FFDE36}.Release|x64.Build.0 = Release|Any CPU
		{826E961C-0F1D-487E-AC1F-F57755FFDE36}.Release|x86.ActiveCfg = Release|Any CPU
		{826E961C-0F1D-487E-AC1F-F57755FFDE36}.Release|x86.Build.0 = Release|Any CPU
		{41F46F0B-8509-4BD4-84CF-BDAC016537EB}.Debug|Any CPU.ActiveCfg = Debug|Any CPU
		{41F46F0B-8509-4BD4-84CF-BDAC016537EB}.Debug|Any CPU.Build.0 = Debug|Any CPU
		{41F46F0B-8509-4BD4-84CF-BDAC016537EB}.Debug|ARM.ActiveCfg = Debug|Any CPU
		{41F46F0B-8509-4BD4-84CF-BDAC016537EB}.Debug|ARM.Build.0 = Debug|Any CPU
		{41F46F0B-8509-4BD4-84CF-BDAC016537EB}.Debug|x64.ActiveCfg = Debug|Any CPU
		{41F46F0B-8509-4BD4-84CF-BDAC016537EB}.Debug|x64.Build.0 = Debug|Any CPU
		{41F46F0B-8509-4BD4-84CF-BDAC016537EB}.Debug|x86.ActiveCfg = Debug|Any CPU
		{41F46F0B-8509-4BD4-84CF-BDAC016537EB}.Debug|x86.Build.0 = Debug|Any CPU
		{41F46F0B-8509-4BD4-84CF-BDAC016537EB}.Release|Any CPU.ActiveCfg = Release|Any CPU
		{41F46F0B-8509-4BD4-84CF-BDAC016537EB}.Release|Any CPU.Build.0 = Release|Any CPU
		{41F46F0B-8509-4BD4-84CF-BDAC016537EB}.Release|ARM.ActiveCfg = Release|Any CPU
		{41F46F0B-8509-4BD4-84CF-BDAC016537EB}.Release|ARM.Build.0 = Release|Any CPU
		{41F46F0B-8509-4BD4-84CF-BDAC016537EB}.Release|x64.ActiveCfg = Release|Any CPU
		{41F46F0B-8509-4BD4-84CF-BDAC016537EB}.Release|x64.Build.0 = Release|Any CPU
		{41F46F0B-8509-4BD4-84CF-BDAC016537EB}.Release|x86.ActiveCfg = Release|Any CPU
		{41F46F0B-8509-4BD4-84CF-BDAC016537EB}.Release|x86.Build.0 = Release|Any CPU
		{D5FCC315-BBFA-4DE2-B451-A944A90490FB}.Debug|Any CPU.ActiveCfg = Debug|Any CPU
		{D5FCC315-BBFA-4DE2-B451-A944A90490FB}.Debug|Any CPU.Build.0 = Debug|Any CPU
		{D5FCC315-BBFA-4DE2-B451-A944A90490FB}.Debug|ARM.ActiveCfg = Debug|Any CPU
		{D5FCC315-BBFA-4DE2-B451-A944A90490FB}.Debug|ARM.Build.0 = Debug|Any CPU
		{D5FCC315-BBFA-4DE2-B451-A944A90490FB}.Debug|x64.ActiveCfg = Debug|Any CPU
		{D5FCC315-BBFA-4DE2-B451-A944A90490FB}.Debug|x64.Build.0 = Debug|Any CPU
		{D5FCC315-BBFA-4DE2-B451-A944A90490FB}.Debug|x86.ActiveCfg = Debug|Any CPU
		{D5FCC315-BBFA-4DE2-B451-A944A90490FB}.Debug|x86.Build.0 = Debug|Any CPU
		{D5FCC315-BBFA-4DE2-B451-A944A90490FB}.Release|Any CPU.ActiveCfg = Release|Any CPU
		{D5FCC315-BBFA-4DE2-B451-A944A90490FB}.Release|Any CPU.Build.0 = Release|Any CPU
		{D5FCC315-BBFA-4DE2-B451-A944A90490FB}.Release|ARM.ActiveCfg = Release|Any CPU
		{D5FCC315-BBFA-4DE2-B451-A944A90490FB}.Release|ARM.Build.0 = Release|Any CPU
		{D5FCC315-BBFA-4DE2-B451-A944A90490FB}.Release|x64.ActiveCfg = Release|Any CPU
		{D5FCC315-BBFA-4DE2-B451-A944A90490FB}.Release|x64.Build.0 = Release|Any CPU
		{D5FCC315-BBFA-4DE2-B451-A944A90490FB}.Release|x86.ActiveCfg = Release|Any CPU
		{D5FCC315-BBFA-4DE2-B451-A944A90490FB}.Release|x86.Build.0 = Release|Any CPU
		{5B9C142A-2DA2-40FD-A596-AFB91B8D37DE}.Debug|Any CPU.ActiveCfg = Debug|Any CPU
		{5B9C142A-2DA2-40FD-A596-AFB91B8D37DE}.Debug|Any CPU.Build.0 = Debug|Any CPU
		{5B9C142A-2DA2-40FD-A596-AFB91B8D37DE}.Debug|ARM.ActiveCfg = Debug|Any CPU
		{5B9C142A-2DA2-40FD-A596-AFB91B8D37DE}.Debug|ARM.Build.0 = Debug|Any CPU
		{5B9C142A-2DA2-40FD-A596-AFB91B8D37DE}.Debug|x64.ActiveCfg = Debug|Any CPU
		{5B9C142A-2DA2-40FD-A596-AFB91B8D37DE}.Debug|x64.Build.0 = Debug|Any CPU
		{5B9C142A-2DA2-40FD-A596-AFB91B8D37DE}.Debug|x86.ActiveCfg = Debug|Any CPU
		{5B9C142A-2DA2-40FD-A596-AFB91B8D37DE}.Debug|x86.Build.0 = Debug|Any CPU
		{5B9C142A-2DA2-40FD-A596-AFB91B8D37DE}.Release|Any CPU.ActiveCfg = Release|Any CPU
		{5B9C142A-2DA2-40FD-A596-AFB91B8D37DE}.Release|Any CPU.Build.0 = Release|Any CPU
		{5B9C142A-2DA2-40FD-A596-AFB91B8D37DE}.Release|ARM.ActiveCfg = Release|Any CPU
		{5B9C142A-2DA2-40FD-A596-AFB91B8D37DE}.Release|ARM.Build.0 = Release|Any CPU
		{5B9C142A-2DA2-40FD-A596-AFB91B8D37DE}.Release|x64.ActiveCfg = Release|Any CPU
		{5B9C142A-2DA2-40FD-A596-AFB91B8D37DE}.Release|x64.Build.0 = Release|Any CPU
		{5B9C142A-2DA2-40FD-A596-AFB91B8D37DE}.Release|x86.ActiveCfg = Release|Any CPU
		{5B9C142A-2DA2-40FD-A596-AFB91B8D37DE}.Release|x86.Build.0 = Release|Any CPU
	EndGlobalSection
	GlobalSection(SolutionProperties) = preSolution
		HideSolutionNode = FALSE
	EndGlobalSection
	GlobalSection(NestedProjects) = preSolution
		{05A9C7A5-7ED8-4D13-9BB5-7E78F67A2700} = {F98EFA69-50AE-4ED6-9236-4AEEF140947F}
		{07E55E85-1293-4071-8A1B-CB180F6C162E} = {F98EFA69-50AE-4ED6-9236-4AEEF140947F}
		{453A6E15-D65D-408F-856A-718CE73CAC42} = {F98EFA69-50AE-4ED6-9236-4AEEF140947F}
		{60C30D5C-CEA8-46E4-A392-8B165271833E} = {F98EFA69-50AE-4ED6-9236-4AEEF140947F}
		{6FE9D3FA-798D-42EC-B6F0-890D5D320384} = {F98EFA69-50AE-4ED6-9236-4AEEF140947F}
		{B51EDBFE-321C-47C6-A75A-83CF6D084EF6} = {397493D9-A8A6-4976-9EE9-ECEF4533F3E9}
		{F104AECF-9161-446A-9EBD-34DF35554D7A} = {B51EDBFE-321C-47C6-A75A-83CF6D084EF6}
		{CA0DB8EB-7687-4605-9656-675677DA9E71} = {F06688AF-2C86-47D4-A159-BEDAFF072A49}
		{0B81124D-87B4-4B0E-A69C-200EAE280CFE} = {F06688AF-2C86-47D4-A159-BEDAFF072A49}
		{7B2DAF21-ABC2-4E99-93A1-4367E9D62DD5} = {397493D9-A8A6-4976-9EE9-ECEF4533F3E9}
		{161C0316-82EF-4E67-B960-BA40DD53F40F} = {397493D9-A8A6-4976-9EE9-ECEF4533F3E9}
		{826E961C-0F1D-487E-AC1F-F57755FFDE36} = {397493D9-A8A6-4976-9EE9-ECEF4533F3E9}
		{41F46F0B-8509-4BD4-84CF-BDAC016537EB} = {397493D9-A8A6-4976-9EE9-ECEF4533F3E9}
		{D5FCC315-BBFA-4DE2-B451-A944A90490FB} = {397493D9-A8A6-4976-9EE9-ECEF4533F3E9}
		{5B9C142A-2DA2-40FD-A596-AFB91B8D37DE} = {B51EDBFE-321C-47C6-A75A-83CF6D084EF6}
	EndGlobalSection
	GlobalSection(ExtensibilityGlobals) = postSolution
		SolutionGuid = {86A882EF-9DAF-4F4B-93CD-B7D21FFA5322}
	EndGlobalSection
EndGlobal
